Microsoft Visual Studio Solution File, Format Version 12.00
# Visual Studio Version 17
VisualStudioVersion = 17.5.2.0
MinimumVisualStudioVersion = 10.0.40219.1
Project("{FAE04EC0-301F-11D3-BF4B-00C04F79EFBC}") = "TeamDirectoryApi", "TeamDirectoryApi.csproj", "{0575E0FC-389E-69D2-15FA-A8C1376D3AE0}"
EndProject
Global
	GlobalSection(SolutionConfigurationPlatforms) = preSolution
		Debug|Any CPU = Debug|Any CPU
		Release|Any CPU = Release|Any CPU
	EndGlobalSection
	GlobalSection(ProjectConfigurationPlatforms) = postSolution
		{0575E0FC-389E-69D2-15FA-A8C1376D3AE0}.Debug|Any CPU.ActiveCfg = Debug|Any CPU
		{0575E0FC-389E-69D2-15FA-A8C1376D3AE0}.Debug|Any CPU.Build.0 = Debug|Any CPU
		{0575E0FC-389E-69D2-15FA-A8C1376D3AE0}.Release|Any CPU.ActiveCfg = Release|Any CPU
		{0575E0FC-389E-69D2-15FA-A8C1376D3AE0}.Release|Any CPU.Build.0 = Release|Any CPU
	EndGlobalSection
	GlobalSection(SolutionProperties) = preSolution
		HideSolutionNode = FALSE
	EndGlobalSection
	GlobalSection(ExtensibilityGlobals) = postSolution
		SolutionGuid = {DF799C1E-0BBF-48DD-BE7B-57322B060239}
	EndGlobalSection
EndGlobal
